
Microsoft Visual Studio Solution File, Format Version 12.00
# Visual Studio Version 17
VisualStudioVersion = 17.0.31912.275
MinimumVisualStudioVersion = 10.0.40219.1
Project("{FAE04EC0-301F-11D3-BF4B-00C04F79EFBC}") = "CoderX", "CoderX\CoderX.csproj", "{6762F335-A473-4C21-8503-1E2D34995292}"
EndProject
Global
	GlobalSection(SolutionConfigurationPlatforms) = preSolution
		Debug|Any CPU = Debug|Any CPU
		Release|Any CPU = Release|Any CPU
	EndGlobalSection
	GlobalSection(ProjectConfigurationPlatforms) = postSolution
		{6762F335-A473-4C21-8503-1E2D34995292}.Debug|Any CPU.ActiveCfg = Debug|Any CPU
		{6762F335-A473-4C21-8503-1E2D34995292}.Debug|Any CPU.Build.0 = Debug|Any CPU
		{6762F335-A473-4C21-8503-1E2D34995292}.Release|Any CPU.ActiveCfg = Release|Any CPU
		{6762F335-A473-4C21-8503-1E2D34995292}.Release|Any CPU.Build.0 = Release|Any CPU
	EndGlobalSection
	GlobalSection(SolutionProperties) = preSolution
		HideSolutionNode = FALSE
	EndGlobalSection
	GlobalSection(ExtensibilityGlobals) = postSolution
		SolutionGuid = {F4388046-76E2-4C78-B319-468E9194651A}
	EndGlobalSection
EndGlobal
